
Microsoft Visual Studio Solution File, Format Version 12.00
# Visual Studio 15
Project("{FAE04EC0-301F-11D3-BF4B-00C04F79EFBC}") = "DesingPatternsCreacionalLabo5", "DesingPatternsCreacionalLabo5\DesingPatternsCreacionalLabo5.csproj", "{2F14D7A0-1CD1-4510-A991-244EF8E7EBAC}"
EndProject
Global
	GlobalSection(SolutionConfigurationPlatforms) = preSolution
		Debug|anycpu = Debug|anycpu
		Release|anycpu = Release|anycpu
	EndGlobalSection
	GlobalSection(ProjectConfigurationPlatforms) = postSolution
		{2F14D7A0-1CD1-4510-A991-244EF8E7EBAC}.Debug|anycpu.ActiveCfg = Debug|anycpu
		{2F14D7A0-1CD1-4510-A991-244EF8E7EBAC}.Debug|anycpu.Build.0 = Debug|anycpu
		{2F14D7A0-1CD1-4510-A991-244EF8E7EBAC}.Release|anycpu.ActiveCfg = Release|anycpu
		{2F14D7A0-1CD1-4510-A991-244EF8E7EBAC}.Release|anycpu.Build.0 = Release|anycpu
	EndGlobalSection
EndGlobal
